
Microsoft Visual Studio Solution File, Format Version 12.00
# Visual Studio 2013
VisualStudioVersion = 12.0.30324.0
MinimumVisualStudioVersion = 10.0.40219.1
Project("{FAE04EC0-301F-11D3-BF4B-00C04F79EFBC}") = "erecruit.Expr", "erecruit.Expr.csproj", "{B3C4AAE2-4F6B-463F-A97E-2C7F9DCCF929}"
EndProject
Project("{FAE04EC0-301F-11D3-BF4B-00C04F79EFBC}") = "erecruit.Expr.Tests", "..\Tests\erecruit.Expr.Tests.csproj", "{78D5A714-4061-46E2-8869-71AD92EF0F41}"
EndProject
Global
	GlobalSection(SolutionConfigurationPlatforms) = preSolution
		Debug|Any CPU = Debug|Any CPU
		Release|Any CPU = Release|Any CPU
	EndGlobalSection
	GlobalSection(ProjectConfigurationPlatforms) = postSolution
		{B3C4AAE2-4F6B-463F-A97E-2C7F9DCCF929}.Debug|Any CPU.ActiveCfg = Debug|Any CPU
		{B3C4AAE2-4F6B-463F-A97E-2C7F9DCCF929}.Debug|Any CPU.Build.0 = Debug|Any CPU
		{B3C4AAE2-4F6B-463F-A97E-2C7F9DCCF929}.Release|Any CPU.ActiveCfg = Release|Any CPU
		{B3C4AAE2-4F6B-463F-A97E-2C7F9DCCF929}.Release|Any CPU.Build.0 = Release|Any CPU
		{78D5A714-4061-46E2-8869-71AD92EF0F41}.Debug|Any CPU.ActiveCfg = Debug|Any CPU
		{78D5A714-4061-46E2-8869-71AD92EF0F41}.Debug|Any CPU.Build.0 = Debug|Any CPU
		{78D5A714-4061-46E2-8869-71AD92EF0F41}.Release|Any CPU.ActiveCfg = Release|Any CPU
		{78D5A714-4061-46E2-8869-71AD92EF0F41}.Release|Any CPU.Build.0 = Release|Any CPU
	EndGlobalSection
	GlobalSection(SolutionProperties) = preSolution
		HideSolutionNode = FALSE
	EndGlobalSection
EndGlobal
